
Microsoft Visual Studio Solution File, Format Version 12.00
# Visual Studio Version 17
VisualStudioVersion = 17.0.31903.59
MinimumVisualStudioVersion = 10.0.40219.1
Project("{2150E333-8FDC-42A3-9474-1A3956D46DE8}") = "0-AppService", "0-AppService", "{C4DB786F-947F-477D-8B6E-DAC81D5CA890}"
EndProject
Project("{2150E333-8FDC-42A3-9474-1A3956D46DE8}") = "1-Application", "1-Application", "{1F0C8699-B05A-4232-8E01-AA0D94F04053}"
EndProject
Project("{2150E333-8FDC-42A3-9474-1A3956D46DE8}") = "2-Domain", "2-Domain", "{ADCE4C5C-434B-4976-88AB-720817CBE815}"
EndProject
Project("{2150E333-8FDC-42A3-9474-1A3956D46DE8}") = "3-Infra", "3-Infra", "{7A3E5CC6-FE3A-40E8-869F-A0CE49CC5DDE}"
EndProject
Project("{2150E333-8FDC-42A3-9474-1A3956D46DE8}") = "4-Tests", "4-Tests", "{37F6AD40-96B6-4B7D-A51F-F407A866BD98}"
EndProject
Project("{FAE04EC0-301F-11D3-BF4B-00C04F79EFBC}") = "Desafio.API", "Desafio.API\Desafio.API.csproj", "{9A01D273-3E3A-4953-B975-043DA687994A}"
EndProject
Project("{FAE04EC0-301F-11D3-BF4B-00C04F79EFBC}") = "Desafio.Application", "Desafio.Application\Desafio.Application.csproj", "{3DD6F077-E85C-497E-9797-F0EBB8575978}"
EndProject
Project("{FAE04EC0-301F-11D3-BF4B-00C04F79EFBC}") = "Desafio.Domain", "Desafio.Domain\Desafio.Domain.csproj", "{243F1B47-39F0-4265-8E76-3EE464ADFB22}"
EndProject
Project("{2150E333-8FDC-42A3-9474-1A3956D46DE8}") = "3.1-CrossCutting", "3.1-CrossCutting", "{F4CBFB78-1DF4-4F47-A2F8-F0BFAC90EE62}"
EndProject
Project("{2150E333-8FDC-42A3-9474-1A3956D46DE8}") = "3.2-Database", "3.2-Database", "{FE681C77-6B9E-436A-B41D-520815AE94FD}"
EndProject
Project("{2150E333-8FDC-42A3-9474-1A3956D46DE8}") = "4.0-Base.Test", "4.0-Base.Test", "{B672AF00-C7DB-4446-AFB2-A25E8AF6B194}"
EndProject
Project("{2150E333-8FDC-42A3-9474-1A3956D46DE8}") = "4.1-Api.Test", "4.1-Api.Test", "{363BE706-6237-4240-96D8-C5DC422D4C20}"
EndProject
Project("{2150E333-8FDC-42A3-9474-1A3956D46DE8}") = "4.2-Application.Test", "4.2-Application.Test", "{2B38F549-EC99-4CC4-9CB5-EF7DD8013E2E}"
EndProject
Project("{2150E333-8FDC-42A3-9474-1A3956D46DE8}") = "4.3-Domain.Test", "4.3-Domain.Test", "{A16E96DA-3475-4B8C-AD5C-208B2E563A3E}"
EndProject
Project("{2150E333-8FDC-42A3-9474-1A3956D46DE8}") = "4.4-Infra.Database.Test", "4.4-Infra.Database.Test", "{667C3D70-837F-4F54-92A2-354495352B6F}"
EndProject
Global
	GlobalSection(SolutionConfigurationPlatforms) = preSolution
		Debug|Any CPU = Debug|Any CPU
		Release|Any CPU = Release|Any CPU
	EndGlobalSection
	GlobalSection(ProjectConfigurationPlatforms) = postSolution
		{9A01D273-3E3A-4953-B975-043DA687994A}.Debug|Any CPU.ActiveCfg = Debug|Any CPU
		{9A01D273-3E3A-4953-B975-043DA687994A}.Debug|Any CPU.Build.0 = Debug|Any CPU
		{9A01D273-3E3A-4953-B975-043DA687994A}.Release|Any CPU.ActiveCfg = Release|Any CPU
		{9A01D273-3E3A-4953-B975-043DA687994A}.Release|Any CPU.Build.0 = Release|Any CPU
		{3DD6F077-E85C-497E-9797-F0EBB8575978}.Debug|Any CPU.ActiveCfg = Debug|Any CPU
		{3DD6F077-E85C-497E-9797-F0EBB8575978}.Debug|Any CPU.Build.0 = Debug|Any CPU
		{3DD6F077-E85C-497E-9797-F0EBB8575978}.Release|Any CPU.ActiveCfg = Release|Any CPU
		{3DD6F077-E85C-497E-9797-F0EBB8575978}.Release|Any CPU.Build.0 = Release|Any CPU
		{243F1B47-39F0-4265-8E76-3EE464ADFB22}.Debug|Any CPU.ActiveCfg = Debug|Any CPU
		{243F1B47-39F0-4265-8E76-3EE464ADFB22}.Debug|Any CPU.Build.0 = Debug|Any CPU
		{243F1B47-39F0-4265-8E76-3EE464ADFB22}.Release|Any CPU.ActiveCfg = Release|Any CPU
		{243F1B47-39F0-4265-8E76-3EE464ADFB22}.Release|Any CPU.Build.0 = Release|Any CPU
	EndGlobalSection
	GlobalSection(SolutionProperties) = preSolution
		HideSolutionNode = FALSE
	EndGlobalSection
	GlobalSection(NestedProjects) = preSolution
		{9A01D273-3E3A-4953-B975-043DA687994A} = {C4DB786F-947F-477D-8B6E-DAC81D5CA890}
		{3DD6F077-E85C-497E-9797-F0EBB8575978} = {1F0C8699-B05A-4232-8E01-AA0D94F04053}
		{243F1B47-39F0-4265-8E76-3EE464ADFB22} = {ADCE4C5C-434B-4976-88AB-720817CBE815}
		{F4CBFB78-1DF4-4F47-A2F8-F0BFAC90EE62} = {7A3E5CC6-FE3A-40E8-869F-A0CE49CC5DDE}
		{FE681C77-6B9E-436A-B41D-520815AE94FD} = {7A3E5CC6-FE3A-40E8-869F-A0CE49CC5DDE}
		{B672AF00-C7DB-4446-AFB2-A25E8AF6B194} = {37F6AD40-96B6-4B7D-A51F-F407A866BD98}
		{363BE706-6237-4240-96D8-C5DC422D4C20} = {37F6AD40-96B6-4B7D-A51F-F407A866BD98}
		{2B38F549-EC99-4CC4-9CB5-EF7DD8013E2E} = {37F6AD40-96B6-4B7D-A51F-F407A866BD98}
		{A16E96DA-3475-4B8C-AD5C-208B2E563A3E} = {37F6AD40-96B6-4B7D-A51F-F407A866BD98}
		{667C3D70-837F-4F54-92A2-354495352B6F} = {37F6AD40-96B6-4B7D-A51F-F407A866BD98}
	EndGlobalSection
	GlobalSection(ExtensibilityGlobals) = postSolution
		SolutionGuid = {5950A44F-7CE6-4E4F-945E-0AC3D78AF60C}
	EndGlobalSection
EndGlobal
